
Microsoft Visual Studio Solution File, Format Version 12.00
# Visual Studio 15
VisualStudioVersion = 15.0.28307.705
MinimumVisualStudioVersion = 10.0.40219.1
Project("{FAE04EC0-301F-11D3-BF4B-00C04F79EFBC}") = "FormValidateDemo", "FormValidateDemo\FormValidateDemo.csproj", "{D0E6D8F7-6A71-4EE1-B123-28E72D551D7E}"
EndProject
Global
	GlobalSection(SolutionConfigurationPlatforms) = preSolution
		Debug|Any CPU = Debug|Any CPU
		Release|Any CPU = Release|Any CPU
	EndGlobalSection
	GlobalSection(ProjectConfigurationPlatforms) = postSolution
		{D0E6D8F7-6A71-4EE1-B123-28E72D551D7E}.Debug|Any CPU.ActiveCfg = Debug|Any CPU
		{D0E6D8F7-6A71-4EE1-B123-28E72D551D7E}.Debug|Any CPU.Build.0 = Debug|Any CPU
		{D0E6D8F7-6A71-4EE1-B123-28E72D551D7E}.Release|Any CPU.ActiveCfg = Release|Any CPU
		{D0E6D8F7-6A71-4EE1-B123-28E72D551D7E}.Release|Any CPU.Build.0 = Release|Any CPU
	EndGlobalSection
	GlobalSection(SolutionProperties) = preSolution
		HideSolutionNode = FALSE
	EndGlobalSection
	GlobalSection(ExtensibilityGlobals) = postSolution
		SolutionGuid = {7991ACD4-B445-4AF8-81E8-F90965D55D9C}
	EndGlobalSection
EndGlobal
